
Microsoft Visual Studio Solution File, Format Version 12.00
# Visual Studio 2013
VisualStudioVersion = 12.0.31101.0
MinimumVisualStudioVersion = 10.0.40219.1
Project("{FAE04EC0-301F-11D3-BF4B-00C04F79EFBC}") = "DeviceLocator", "DeviceLocator\DeviceLocator.csproj", "{A0117B7C-AFE6-42EE-9FBE-85F111FAF16F}"
EndProject
Project("{FAE04EC0-301F-11D3-BF4B-00C04F79EFBC}") = "DeviceLocator.Windows8", "DeviceLocator.Windows8\DeviceLocator.Windows8.csproj", "{E5AC095D-FD05-444C-99D1-879E386E5603}"
EndProject
Project("{FAE04EC0-301F-11D3-BF4B-00C04F79EFBC}") = "DeviceLocator.WindowsPhone8.1", "DeviceLocator.WindowsPhone8.1\DeviceLocator.WindowsPhone8.1.csproj", "{AE93DCB5-6A88-4900-B742-BF5905C05F65}"
EndProject
Global
	GlobalSection(SolutionConfigurationPlatforms) = preSolution
		Debug|Any CPU = Debug|Any CPU
		Debug|ARM = Debug|ARM
		Debug|x64 = Debug|x64
		Debug|x86 = Debug|x86
		Release|Any CPU = Release|Any CPU
		Release|ARM = Release|ARM
		Release|x64 = Release|x64
		Release|x86 = Release|x86
	EndGlobalSection
	GlobalSection(ProjectConfigurationPlatforms) = postSolution
		{A0117B7C-AFE6-42EE-9FBE-85F111FAF16F}.Debug|Any CPU.ActiveCfg = Debug|Any CPU
		{A0117B7C-AFE6-42EE-9FBE-85F111FAF16F}.Debug|Any CPU.Build.0 = Debug|Any CPU
		{A0117B7C-AFE6-42EE-9FBE-85F111FAF16F}.Debug|Any CPU.Deploy.0 = Debug|Any CPU
		{A0117B7C-AFE6-42EE-9FBE-85F111FAF16F}.Debug|ARM.ActiveCfg = Debug|Any CPU
		{A0117B7C-AFE6-42EE-9FBE-85F111FAF16F}.Debug|x64.ActiveCfg = Debug|Any CPU
		{A0117B7C-AFE6-42EE-9FBE-85F111FAF16F}.Debug|x86.ActiveCfg = Debug|Any CPU
		{A0117B7C-AFE6-42EE-9FBE-85F111FAF16F}.Release|Any CPU.ActiveCfg = Release|Any CPU
		{A0117B7C-AFE6-42EE-9FBE-85F111FAF16F}.Release|Any CPU.Build.0 = Release|Any CPU
		{A0117B7C-AFE6-42EE-9FBE-85F111FAF16F}.Release|ARM.ActiveCfg = Release|Any CPU
		{A0117B7C-AFE6-42EE-9FBE-85F111FAF16F}.Release|x64.ActiveCfg = Release|Any CPU
		{A0117B7C-AFE6-42EE-9FBE-85F111FAF16F}.Release|x86.ActiveCfg = Release|Any CPU
		{E5AC095D-FD05-444C-99D1-879E386E5603}.Debug|Any CPU.ActiveCfg = Debug|ARM
		{E5AC095D-FD05-444C-99D1-879E386E5603}.Debug|Any CPU.Build.0 = Debug|ARM
		{E5AC095D-FD05-444C-99D1-879E386E5603}.Debug|Any CPU.Deploy.0 = Debug|ARM
		{E5AC095D-FD05-444C-99D1-879E386E5603}.Debug|ARM.ActiveCfg = Debug|ARM
		{E5AC095D-FD05-444C-99D1-879E386E5603}.Debug|ARM.Build.0 = Debug|ARM
		{E5AC095D-FD05-444C-99D1-879E386E5603}.Debug|ARM.Deploy.0 = Debug|ARM
		{E5AC095D-FD05-444C-99D1-879E386E5603}.Debug|x64.ActiveCfg = Debug|x64
		{E5AC095D-FD05-444C-99D1-879E386E5603}.Debug|x64.Build.0 = Debug|x64
		{E5AC095D-FD05-444C-99D1-879E386E5603}.Debug|x64.Deploy.0 = Debug|x64
		{E5AC095D-FD05-444C-99D1-879E386E5603}.Debug|x86.ActiveCfg = Debug|x86
		{E5AC095D-FD05-444C-99D1-879E386E5603}.Debug|x86.Build.0 = Debug|x86
		{E5AC095D-FD05-444C-99D1-879E386E5603}.Debug|x86.Deploy.0 = Debug|x86
		{E5AC095D-FD05-444C-99D1-879E386E5603}.Release|Any CPU.ActiveCfg = Release|Any CPU
		{E5AC095D-FD05-444C-99D1-879E386E5603}.Release|Any CPU.Build.0 = Release|Any CPU
		{E5AC095D-FD05-444C-99D1-879E386E5603}.Release|Any CPU.Deploy.0 = Release|Any CPU
		{E5AC095D-FD05-444C-99D1-879E386E5603}.Release|ARM.ActiveCfg = Release|ARM
		{E5AC095D-FD05-444C-99D1-879E386E5603}.Release|ARM.Build.0 = Release|ARM
		{E5AC095D-FD05-444C-99D1-879E386E5603}.Release|ARM.Deploy.0 = Release|ARM
		{E5AC095D-FD05-444C-99D1-879E386E5603}.Release|x64.ActiveCfg = Release|x64
		{E5AC095D-FD05-444C-99D1-879E386E5603}.Release|x64.Build.0 = Release|x64
		{E5AC095D-FD05-444C-99D1-879E386E5603}.Release|x64.Deploy.0 = Release|x64
		{E5AC095D-FD05-444C-99D1-879E386E5603}.Release|x86.ActiveCfg = Release|x86
		{E5AC095D-FD05-444C-99D1-879E386E5603}.Release|x86.Build.0 = Release|x86
		{E5AC095D-FD05-444C-99D1-879E386E5603}.Release|x86.Deploy.0 = Release|x86
		{AE93DCB5-6A88-4900-B742-BF5905C05F65}.Debug|Any CPU.ActiveCfg = Debug|Any CPU
		{AE93DCB5-6A88-4900-B742-BF5905C05F65}.Debug|Any CPU.Build.0 = Debug|Any CPU
		{AE93DCB5-6A88-4900-B742-BF5905C05F65}.Debug|Any CPU.Deploy.0 = Debug|Any CPU
		{AE93DCB5-6A88-4900-B742-BF5905C05F65}.Debug|ARM.ActiveCfg = Debug|ARM
		{AE93DCB5-6A88-4900-B742-BF5905C05F65}.Debug|ARM.Build.0 = Debug|ARM
		{AE93DCB5-6A88-4900-B742-BF5905C05F65}.Debug|ARM.Deploy.0 = Debug|ARM
		{AE93DCB5-6A88-4900-B742-BF5905C05F65}.Debug|x64.ActiveCfg = Debug|Any CPU
		{AE93DCB5-6A88-4900-B742-BF5905C05F65}.Debug|x86.ActiveCfg = Debug|x86
		{AE93DCB5-6A88-4900-B742-BF5905C05F65}.Debug|x86.Build.0 = Debug|x86
		{AE93DCB5-6A88-4900-B742-BF5905C05F65}.Debug|x86.Deploy.0 = Debug|x86
		{AE93DCB5-6A88-4900-B742-BF5905C05F65}.Release|Any CPU.ActiveCfg = Release|Any CPU
		{AE93DCB5-6A88-4900-B742-BF5905C05F65}.Release|Any CPU.Build.0 = Release|Any CPU
		{AE93DCB5-6A88-4900-B742-BF5905C05F65}.Release|Any CPU.Deploy.0 = Release|Any CPU
		{AE93DCB5-6A88-4900-B742-BF5905C05F65}.Release|ARM.ActiveCfg = Release|ARM
		{AE93DCB5-6A88-4900-B742-BF5905C05F65}.Release|ARM.Build.0 = Release|ARM
		{AE93DCB5-6A88-4900-B742-BF5905C05F65}.Release|ARM.Deploy.0 = Release|ARM
		{AE93DCB5-6A88-4900-B742-BF5905C05F65}.Release|x64.ActiveCfg = Release|Any CPU
		{AE93DCB5-6A88-4900-B742-BF5905C05F65}.Release|x86.ActiveCfg = Release|x86
		{AE93DCB5-6A88-4900-B742-BF5905C05F65}.Release|x86.Build.0 = Release|x86
		{AE93DCB5-6A88-4900-B742-BF5905C05F65}.Release|x86.Deploy.0 = Release|x86
	EndGlobalSection
	GlobalSection(SolutionProperties) = preSolution
		HideSolutionNode = FALSE
	EndGlobalSection
EndGlobal
